
Microsoft Visual Studio Solution File, Format Version 12.00
# Visual Studio 15
VisualStudioVersion = 15.0.27130.2010
MinimumVisualStudioVersion = 10.0.40219.1
Project("{FAE04EC0-301F-11D3-BF4B-00C04F79EFBC}") = "playground_20180220", "playground_20180220\playground_20180220.csproj", "{98282472-F986-4BA0-8FBC-F09496E7385C}"
EndProject
Global
	GlobalSection(SolutionConfigurationPlatforms) = preSolution
		Debug|Any CPU = Debug|Any CPU
		Release|Any CPU = Release|Any CPU
	EndGlobalSection
	GlobalSection(ProjectConfigurationPlatforms) = postSolution
		{98282472-F986-4BA0-8FBC-F09496E7385C}.Debug|Any CPU.ActiveCfg = Debug|Any CPU
		{98282472-F986-4BA0-8FBC-F09496E7385C}.Debug|Any CPU.Build.0 = Debug|Any CPU
		{98282472-F986-4BA0-8FBC-F09496E7385C}.Release|Any CPU.ActiveCfg = Release|Any CPU
		{98282472-F986-4BA0-8FBC-F09496E7385C}.Release|Any CPU.Build.0 = Release|Any CPU
	EndGlobalSection
	GlobalSection(SolutionProperties) = preSolution
		HideSolutionNode = FALSE
	EndGlobalSection
	GlobalSection(ExtensibilityGlobals) = postSolution
		SolutionGuid = {60C1B973-6929-4D6C-8419-7C71EFEDD154}
	EndGlobalSection
EndGlobal
